// !$*UTF8*$!
{
	archiveVersion = 1;
	classes = {
	};
	objectVersion = 48;
	objects = {

/* Begin PBXBuildFile section */
		39A9A529A88A4B7D4D3BF7D5 /* Pods_newsy.framework in Frameworks */ = {isa = PBXBuildFile; fileRef = 8833481A164F5AA59CB28896 /* Pods_newsy.framework */; };
		CA0F1587220A05000087CD8A /* Article.swift in Sources */ = {isa = PBXBuildFile; fileRef = CA0F1586220A05000087CD8A /* Article.swift */; };
		CA5603C8225266B2006D1DE3 /* webViewController.swift in Sources */ = {isa = PBXBuildFile; fileRef = CA5603C7225266B2006D1DE3 /* webViewController.swift */; };
		CA6C38D7220708F0000AA6F5 /* TableViewCell.swift in Sources */ = {isa = PBXBuildFile; fileRef = CA6C38D6220708F0000AA6F5 /* TableViewCell.swift */; };
		CAA03A612204D1F800986919 /* AppDelegate.swift in Sources */ = {isa = PBXBuildFile; fileRef = CAA03A602204D1F800986919 /* AppDelegate.swift */; };
		CAA03A632204D1F800986919 /* ViewController.swift in Sources */ = {isa = PBXBuildFile; fileRef = CAA03A622204D1F800986919 /* ViewController.swift */; };
		CAA03A662204D1F800986919 /* Main.storyboard in Resources */ = {isa = PBXBuildFile; fileRef = CAA03A642204D1F800986919 /* Main.storyboard */; };
		CAA03A682204D1F800986919 /* Assets.xcassets in Resources */ = {isa = PBXBuildFile; fileRef = CAA03A672204D1F800986919 /* Assets.xcassets */; };
		CAA03A6B2204D1F800986919 /* LaunchScreen.storyboard in Resources */ = {isa = PBXBuildFile; fileRef = CAA03A692204D1F800986919 /* LaunchScreen.storyboard */; };
/* End PBXBuildFile section */

/* Begin PBXFileReference section */
		7AB9B658DF014F29DA604076 /* Pods-newsy.release.xcconfig */ = {isa = PBXFileReference; includeInIndex = 1; lastKnownFileType = text.xcconfig; name = "Pods-newsy.release.xcconfig"; path = "Pods/Target Support Files/Pods-newsy/Pods-newsy.release.xcconfig"; sourceTree = "<group>"; };
		8833481A164F5AA59CB28896 /* Pods_newsy.framework */ = {isa = PBXFileReference; explicitFileType = wrapper.framework; includeInIndex = 0; path = Pods_newsy.framework; sourceTree = BUILT_PRODUCTS_DIR; };
		B95FA2B357A59AF4A01BA1E2 /* Pods-newsy.debug.xcconfig */ = {isa = PBXFileReference; includeInIndex = 1; lastKnownFileType = text.xcconfig; name = "Pods-newsy.debug.xcconfig"; path = "Pods/Target Support Files/Pods-newsy/Pods-newsy.debug.xcconfig"; sourceTree = "<group>"; };
		CA0F1586220A05000087CD8A /* Article.swift */ = {isa = PBXFileReference; lastKnownFileType = sourcecode.swift; path = Article.swift; sourceTree = "<group>"; };
		CA5603C7225266B2006D1DE3 /* webViewController.swift */ = {isa = PBXFileReference; lastKnownFileType = sourcecode.swift; path = webViewController.swift; sourceTree = "<group>"; };
		CA6C38D6220708F0000AA6F5 /* TableViewCell.swift */ = {isa = PBXFileReference; lastKnownFileType = sourcecode.swift; path = TableViewCell.swift; sourceTree = "<group>"; };
		CAA03A5D2204D1F800986919 /* newsy.app */ = {isa = PBXFileReference; explicitFileType = wrapper.application; includeInIndex = 0; path = newsy.app; sourceTree = BUILT_PRODUCTS_DIR; };
		CAA03A602204D1F800986919 /* AppDelegate.swift */ = {isa = PBXFileReference; lastKnownFileType = sourcecode.swift; path = AppDelegate.swift; sourceTree = "<group>"; };
		CAA03A622204D1F800986919 /* ViewController.swift */ = {isa = PBXFileReference; lastKnownFileType = sourcecode.swift; path = ViewController.swift; sourceTree = "<group>"; };
		CAA03A652204D1F800986919 /* Base */ = {isa = PBXFileReference; lastKnownFileType = file.storyboard; name = Base; path = Base.lproj/Main.storyboard; sourceTree = "<group>"; };
		CAA03A672204D1F800986919 /* Assets.xcassets */ = {isa = PBXFileReference; lastKnownFileType = folder.assetcatalog; path = Assets.xcassets; sourceTree = "<group>"; };
		CAA03A6A2204D1F800986919 /* Base */ = {isa = PBXFileReference; lastKnownFileType = file.storyboard; name = Base; path = Base.lproj/LaunchScreen.storyboard; sourceTree = "<group>"; };
		CAA03A6C2204D1F800986919 /* Info.plist */ = {isa = PBXFileReference; lastKnownFileType = text.plist.xml; path = Info.plist; sourceTree = "<group>"; };
/* End PBXFileReference section */

/* Begin PBXFrameworksBuildPhase section */
		CAA03A5A2204D1F800986919 /* Frameworks */ = {
			isa = PBXFrameworksBuildPhase;
			buildActionMask = 2147483647;
			files = (
				39A9A529A88A4B7D4D3BF7D5 /* Pods_newsy.framework in Frameworks */,
			);
			runOnlyForDeploymentPostprocessing = 0;
		};
/* End PBXFrameworksBuildPhase section */

/* Begin PBXGroup section */
		080511674FC00521BB60CB14 /* Pods */ = {
			isa = PBXGroup;
			children = (
				B95FA2B357A59AF4A01BA1E2 /* Pods-newsy.debug.xcconfig */,
				7AB9B658DF014F29DA604076 /* Pods-newsy.release.xcconfig */,
			);
			name = Pods;
			sourceTree = "<group>";
		};
		CAA03A542204D1F700986919 = {
			isa = PBXGroup;
			children = (
				CAA03A5F2204D1F800986919 /* newsy */,
				CAA03A5E2204D1F800986919 /* Products */,
				080511674FC00521BB60CB14 /* Pods */,
				ECD9EA00B7FFCE3BE06B78ED /* Frameworks */,
			);
			sourceTree = "<group>";
		};
		CAA03A5E2204D1F800986919 /* Products */ = {
			isa = PBXGroup;
			children = (
				CAA03A5D2204D1F800986919 /* newsy.app */,
			);
			name = Products;
			sourceTree = "<group>";
		};
		CAA03A5F2204D1F800986919 /* newsy */ = {
			isa = PBXGroup;
			children = (
				CAA03A602204D1F800986919 /* AppDelegate.swift */,
				CAA03A622204D1F800986919 /* ViewController.swift */,
				CA6C38D6220708F0000AA6F5 /* TableViewCell.swift */,
				CA0F1586220A05000087CD8A /* Article.swift */,
				CA5603C7225266B2006D1DE3 /* webViewController.swift */,
				CAA03A642204D1F800986919 /* Main.storyboard */,
				CAA03A672204D1F800986919 /* Assets.xcassets */,
				CAA03A692204D1F800986919 /* LaunchScreen.storyboard */,
				CAA03A6C2204D1F800986919 /* Info.plist */,
			);
			path = newsy;
			sourceTree = "<group>";
		};
		ECD9EA00B7FFCE3BE06B78ED /* Frameworks */ = {
			isa = PBXGroup;
			children = (
				8833481A164F5AA59CB28896 /* Pods_newsy.framework */,
			);
			name = Frameworks;
			sourceTree = "<group>";
		};
/* End PBXGroup section */

/* Begin PBXNativeTarget section */
		CAA03A5C2204D1F800986919 /* newsy */ = {
			isa = PBXNativeTarget;
			buildConfigurationList = CAA03A6F2204D1F800986919 /* Build configuration list for PBXNativeTarget "newsy" */;
			buildPhases = (
				EFF5250465480768598908EB /* [CP] Check Pods Manifest.lock */,
				CAA03A592204D1F800986919 /* Sources */,
				CAA03A5A2204D1F800986919 /* Frameworks */,
				CAA03A5B2204D1F800986919 /* Resources */,
				63C611A2E800216FFAE47BAA /* [CP] Embed Pods Frameworks */,
			);
			buildRules = (
			);
			dependencies = (
			);
			name = newsy;
			productName = newsy;
			productReference = CAA03A5D2204D1F800986919 /* newsy.app */;
			productType = "com.apple.product-type.application";
		};
/* End PBXNativeTarget section */

/* Begin PBXProject section */
		CAA03A552204D1F700986919 /* Project object */ = {
			isa = PBXProject;
			attributes = {
				LastSwiftUpdateCheck = 0920;
				LastUpgradeCheck = 0920;
				ORGANIZATIONNAME = "Sidharth  Miglani";
				TargetAttributes = {
					CAA03A5C2204D1F800986919 = {
						CreatedOnToolsVersion = 9.2;
						LastSwiftMigration = 1010;
						ProvisioningStyle = Automatic;
					};
				};
			};
			buildConfigurationList = CAA03A582204D1F700986919 /* Build configuration list for PBXProject "newsy" */;
			compatibilityVersion = "Xcode 8.0";
			developmentRegion = en;
			hasScannedForEncodings = 0;
			knownRegions = (
				en,
				Base,
			);
			mainGroup = CAA03A542204D1F700986919;
			productRefGroup = CAA03A5E2204D1F800986919 /* Products */;
			projectDirPath = "";
			projectRoot = "";
			targets = (
				CAA03A5C2204D1F800986919 /* newsy */,
			);
		};
/* End PBXProject section */

/* Begin PBXResourcesBuildPhase section */
		CAA03A5B2204D1F800986919 /* Resources */ = {
			isa = PBXResourcesBuildPhase;
			buildActionMask = 2147483647;
			files = (
				CAA03A6B2204D1F800986919 /* LaunchScreen.storyboard in Resources */,
				CAA03A682204D1F800986919 /* Assets.xcassets in Resources */,
				CAA03A662204D1F800986919 /* Main.storyboard in Resources */,
			);
			runOnlyForDeploymentPostprocessing = 0;
		};
/* End PBXResourcesBuildPhase section */

/* Begin PBXShellScriptBuildPhase section */
		63C611A2E800216FFAE47BAA /* [CP] Embed Pods Frameworks */ = {
			isa = PBXShellScriptBuildPhase;
			buildActionMask = 2147483647;
			files = (
			);
			inputPaths = (
				"${SRCROOT}/Pods/Target Support Files/Pods-newsy/Pods-newsy-frameworks.sh",
				"${BUILT_PRODUCTS_DIR}/Alamofire/Alamofire.framework",
				"${BUILT_PRODUCTS_DIR}/SwiftyJSON/SwiftyJSON.framework",
			);
			name = "[CP] Embed Pods Frameworks";
			outputPaths = (
				"${TARGET_BUILD_DIR}/${FRAMEWORKS_FOLDER_PATH}/Alamofire.framework",
				"${TARGET_BUILD_DIR}/${FRAMEWORKS_FOLDER_PATH}/SwiftyJSON.framework",
			);
			runOnlyForDeploymentPostprocessing = 0;
			shellPath = /bin/sh;
			shellScript = "\"${SRCROOT}/Pods/Target Support Files/Pods-newsy/Pods-newsy-frameworks.sh\"\n";
			showEnvVarsInLog = 0;
		};
		EFF5250465480768598908EB /* [CP] Check Pods Manifest.lock */ = {
			isa = PBXShellScriptBuildPhase;
			buildActionMask = 2147483647;
			files = (
			);
			inputPaths = (
				"${PODS_PODFILE_DIR_PATH}/Podfile.lock",
				"${PODS_ROOT}/Manifest.lock",
			);
			name = "[CP] Check Pods Manifest.lock";
			outputPaths = (
				"$(DERIVED_FILE_DIR)/Pods-newsy-checkManifestLockResult.txt",
			);
			runOnlyForDeploymentPostprocessing = 0;
			shellPath = /bin/sh;
			shellScript = "diff \"${PODS_PODFILE_DIR_PATH}/Podfile.lock\" \"${PODS_ROOT}/Manifest.lock\" > /dev/null\nif [ $? != 0 ] ; then\n    # print error to STDERR\n    echo \"error: The sandbox is not in sync with the Podfile.lock. Run 'pod install' or update your CocoaPods installation.\" >&2\n    exit 1\nfi\n# This output is used by Xcode 'outputs' to avoid re-running this script phase.\necho \"SUCCESS\" > \"${SCRIPT_OUTPUT_FILE_0}\"\n";
			showEnvVarsInLog = 0;
		};
/* End PBXShellScriptBuildPhase section */

/* Begin PBXSourcesBuildPhase section */
		CAA03A592204D1F800986919 /* Sources */ = {
			isa = PBXSourcesBuildPhase;
			buildActionMask = 2147483647;
			files = (
				CA5603C8225266B2006D1DE3 /* webViewController.swift in Sources */,
				CA0F1587220A05000087CD8A /* Article.swift in Sources */,
				CA6C38D7220708F0000AA6F5 /* TableViewCell.swift in Sources */,
				CAA03A632204D1F800986919 /* ViewController.swift in Sources */,
				CAA03A612204D1F800986919 /* AppDelegate.swift in Sources */,
			);
			runOnlyForDeploymentPostprocessing = 0;
		};
/* End PBXSourcesBuildPhase section */

/* Begin PBXVariantGroup section */
		CAA03A642204D1F800986919 /* Main.storyboard */ = {
			isa = PBXVariantGroup;
			children = (
				CAA03A652204D1F800986919 /* Base */,
			);
			name = Main.storyboard;
			sourceTree = "<group>";
		};
		CAA03A692204D1F800986919 /* LaunchScreen.storyboard */ = {
			isa = PBXVariantGroup;
			children = (
				CAA03A6A2204D1F800986919 /* Base */,
			);
			name = LaunchScreen.storyboard;
			sourceTree = "<group>";
		};
/* End PBXVariantGroup section */

/* Begin XCBuildConfiguration section */
		CAA03A6D2204D1F800986919 /* Debug */ = {
			isa = XCBuildConfiguration;
			buildSettings = {
				ALWAYS_SEARCH_USER_PATHS = NO;
				CLANG_ANALYZER_NONNULL = YES;
				CLANG_ANALYZER_NUMBER_OBJECT_CONVERSION = YES_AGGRESSIVE;
				CLANG_CXX_LANGUAGE_STANDARD = "gnu++14";
				CLANG_CXX_LIBRARY = "libc++";
				CLANG_ENABLE_MODULES = YES;
				CLANG_ENABLE_OBJC_ARC = YES;
				CLANG_WARN_BLOCK_CAPTURE_AUTORELEASING = YES;
				CLANG_WARN_BOOL_CONVERSION = YES;
				CLANG_WARN_COMMA = YES;
				CLANG_WARN_CONSTANT_CONVERSION = YES;
				CLANG_WARN_DIRECT_OBJC_ISA_USAGE = YES_ERROR;
				CLANG_WARN_DOCUMENTATION_COMMENTS = YES;
				CLANG_WARN_EMPTY_BODY = YES;
				CLANG_WARN_ENUM_CONVERSION = YES;
				CLANG_WARN_INFINITE_RECURSION = YES;
				CLANG_WARN_INT_CONVERSION = YES;
				CLANG_WARN_NON_LITERAL_NULL_CONVERSION = YES;
				CLANG_WARN_OBJC_LITERAL_CONVERSION = YES;
				CLANG_WARN_OBJC_ROOT_CLASS = YES_ERROR;
				CLANG_WARN_RANGE_LOOP_ANALYSIS = YES;
				CLANG_WARN_STRICT_PROTOTYPES = YES;
				CLANG_WARN_SUSPICIOUS_MOVE = YES;
				CLANG_WARN_UNGUARDED_AVAILABILITY = YES_AGGRESSIVE;
				CLANG_WARN_UNREACHABLE_CODE = YES;
				CLANG_WARN__DUPLICATE_METHOD_MATCH = YES;
				CODE_SIGN_IDENTITY = "iPhone Developer";
				COPY_PHASE_STRIP = NO;
				DEBUG_INFORMATION_FORMAT = dwarf;
				ENABLE_STRICT_OBJC_MSGSEND = YES;
				ENABLE_TESTABILITY = YES;
				GCC_C_LANGUAGE_STANDARD = gnu11;
				GCC_DYNAMIC_NO_PIC = NO;
				GCC_NO_COMMON_BLOCKS = YES;
				GCC_OPTIMIZATION_LEVEL = 0;
				GCC_PREPROCESSOR_DEFINITIONS = (
					"DEBUG=1",
					"$(inherited)",
				);
				GCC_WARN_64_TO_32_BIT_CONVERSION = YES;
				GCC_WARN_ABOUT_RETURN_TYPE = YES_ERROR;
				GCC_WARN_UNDECLARED_SELECTOR = YES;
				GCC_WARN_UNINITIALIZED_AUTOS = YES_AGGRESSIVE;
				GCC_WARN_UNUSED_FUNCTION = YES;
				GCC_WARN_UNUSED_VARIABLE = YES;
				IPHONEOS_DEPLOYMENT_TARGET = 11.2;
				MTL_ENABLE_DEBUG_INFO = YES;
				ONLY_ACTIVE_ARCH = YES;
				SDKROOT = iphoneos;
				SWIFT_ACTIVE_COMPILATION_CONDITIONS = DEBUG;
				SWIFT_OPTIMIZATION_LEVEL = "-Onone";
			};
			name = Debug;
		};
		CAA03A6E2204D1F800986919 /* Release */ = {
			isa = XCBuildConfiguration;
			buildSettings = {
				ALWAYS_SEARCH_USER_PATHS = NO;
				CLANG_ANALYZER_NONNULL = YES;
				CLANG_ANALYZER_NUMBER_OBJECT_CONVERSION = YES_AGGRESSIVE;
				CLANG_CXX_LANGUAGE_STANDARD = "gnu++14";
				CLANG_CXX_LIBRARY = "libc++";
				CLANG_ENABLE_MODULES = YES;
				CLANG_ENABLE_OBJC_ARC = YES;
				CLANG_WARN_BLOCK_CAPTURE_AUTORELEASING = YES;
				CLANG_WARN_BOOL_CONVERSION = YES;
				CLANG_WARN_COMMA = YES;
				CLANG_WARN_CONSTANT_CONVERSION = YES;
				CLANG_WARN_DIRECT_OBJC_ISA_USAGE = YES_ERROR;
				CLANG_WARN_DOCUMENTATION_COMMENTS = YES;
				CLANG_WARN_EMPTY_BODY = YES;
				CLANG_WARN_ENUM_CONVERSION = YES;
				CLANG_WARN_INFINITE_RECURSION = YES;
				CLANG_WARN_INT_CONVERSION = YES;
				CLANG_WARN_NON_LITERAL_NULL_CONVERSION = YES;
				CLANG_WARN_OBJC_LITERAL_CONVERSION = YES;
				CLANG_WARN_OBJC_ROOT_CLASS = YES_ERROR;
				CLANG_WARN_RANGE_LOOP_ANALYSIS = YES;
				CLANG_WARN_STRICT_PROTOTYPES = YES;
				CLANG_WARN_SUSPICIOUS_MOVE = YES;
				CLANG_WARN_UNGUARDED_AVAILABILITY = YES_AGGRESSIVE;
				CLANG_WARN_UNREACHABLE_CODE = YES;
				CLANG_WARN__DUPLICATE_METHOD_MATCH = YES;
				CODE_SIGN_IDENTITY = "iPhone Developer";
				COPY_PHASE_STRIP = NO;
				DEBUG_INFORMATION_FORMAT = "dwarf-with-dsym";
				ENABLE_NS_ASSERTIONS = NO;
				ENABLE_STRICT_OBJC_MSGSEND = YES;
				GCC_C_LANGUAGE_STANDARD = gnu11;
				GCC_NO_COMMON_BLOCKS = YES;
				GCC_WARN_64_TO_32_BIT_CONVERSION = YES;
				GCC_WARN_ABOUT_RETURN_TYPE = YES_ERROR;
				GCC_WARN_UNDECLARED_SELECTOR = YES;
				GCC_WARN_UNINITIALIZED_AUTOS = YES_AGGRESSIVE;
				GCC_WARN_UNUSED_FUNCTION = YES;
				GCC_WARN_UNUSED_VARIABLE = YES;
				IPHONEOS_DEPLOYMENT_TARGET = 11.2;
				MTL_ENABLE_DEBUG_INFO = NO;
				SDKROOT = iphoneos;
				SWIFT_OPTIMIZATION_LEVEL = "-Owholemodule";
				VALIDATE_PRODUCT = YES;
			};
			name = Release;
		};
		CAA03A702204D1F800986919 /* Debug */ = {
			isa = XCBuildConfiguration;
			baseConfigurationReference = B95FA2B357A59AF4A01BA1E2 /* Pods-newsy.debug.xcconfig */;
			buildSettings = {
				ASSETCATALOG_COMPILER_APPICON_NAME = AppIcon;
				CODE_SIGN_STYLE = Automatic;
				DEVELOPMENT_TEAM = RR53V9T9VN;
				INFOPLIST_FILE = newsy/Info.plist;
				IPHONEOS_DEPLOYMENT_TARGET = 9.3;
				LD_RUNPATH_SEARCH_PATHS = "$(inherited) @executable_path/Frameworks";
				PRODUCT_BUNDLE_IDENTIFIER = com.sidharthrajmiglani.newsy;
				PRODUCT_NAME = "$(TARGET_NAME)";
				SWIFT_VERSION = 4.2;
				TARGETED_DEVICE_FAMILY = "1,2";
			};
			name = Debug;
		};
		CAA03A712204D1F800986919 /* Release */ = {
			isa = XCBuildConfiguration;
			baseConfigurationReference = 7AB9B658DF014F29DA604076 /* Pods-newsy.release.xcconfig */;
			buildSettings = {
				ASSETCATALOG_COMPILER_APPICON_NAME = AppIcon;
				CODE_SIGN_STYLE = Automatic;
				DEVELOPMENT_TEAM = RR53V9T9VN;
				INFOPLIST_FILE = newsy/Info.plist;
				IPHONEOS_DEPLOYMENT_TARGET = 9.3;
				LD_RUNPATH_SEARCH_PATHS = "$(inherited) @executable_path/Frameworks";
				PRODUCT_BUNDLE_IDENTIFIER = com.sidharthrajmiglani.newsy;
				PRODUCT_NAME = "$(TARGET_NAME)";
				SWIFT_VERSION = 4.2;
				TARGETED_DEVICE_FAMILY = "1,2";
			};
			name = Release;
		};
/* End XCBuildConfiguration section */

/* Begin XCConfigurationList section */
		CAA03A582204D1F700986919 /* Build configuration list for PBXProject "newsy" */ = {
			isa = XCConfigurationList;
			buildConfigurations = (
				CAA03A6D2204D1F800986919 /* Debug */,
				CAA03A6E2204D1F800986919 /* Release */,
			);
			defaultConfigurationIsVisible = 0;
			defaultConfigurationName = Release;
		};
		CAA03A6F2204D1F800986919 /* Build configuration list for PBXNativeTarget "newsy" */ = {
			isa = XCConfigurationList;
			buildConfigurations = (
				CAA03A702204D1F800986919 /* Debug */,
				CAA03A712204D1F800986919 /* Release */,
			);
			defaultConfigurationIsVisible = 0;
			defaultConfigurationName = Release;
		};
/* End XCConfigurationList section */
	};
	rootObject = CAA03A552204D1F700986919 /* Project object */;
}
